
Microsoft Visual Studio Solution File, Format Version 12.00
# Visual Studio Version 16
VisualStudioVersion = 16.0.31129.286
MinimumVisualStudioVersion = 10.0.40219.1
Project("{9A19103F-16F7-4668-BE54-9A1E7A4F7556}") = "CarConfigurator", "CarConfigurator\CarConfigurator.csproj", "{E624FA89-EDC1-44F2-B005-0107C97CC7AB}"
EndProject
Project("{FAE04EC0-301F-11D3-BF4B-00C04F79EFBC}") = "CarConfigurator.BL", "CarConfigurator.BL\CarConfigurator.BL.csproj", "{1ADBF34E-FA90-46FB-A6F4-CD2569A43F67}"
EndProject
Project("{FAE04EC0-301F-11D3-BF4B-00C04F79EFBC}") = "CarConfigurator.DL", "CarConfigurator.DL\CarConfigurator.DL.csproj", "{AFA4D3D1-A3EB-4046-88C1-1116F7A62AE3}"
EndProject
Global
	GlobalSection(SolutionConfigurationPlatforms) = preSolution
		Debug|Any CPU = Debug|Any CPU
		Release|Any CPU = Release|Any CPU
	EndGlobalSection
	GlobalSection(ProjectConfigurationPlatforms) = postSolution
		{E624FA89-EDC1-44F2-B005-0107C97CC7AB}.Debug|Any CPU.ActiveCfg = Debug|Any CPU
		{E624FA89-EDC1-44F2-B005-0107C97CC7AB}.Debug|Any CPU.Build.0 = Debug|Any CPU
		{E624FA89-EDC1-44F2-B005-0107C97CC7AB}.Release|Any CPU.ActiveCfg = Release|Any CPU
		{E624FA89-EDC1-44F2-B005-0107C97CC7AB}.Release|Any CPU.Build.0 = Release|Any CPU
		{1ADBF34E-FA90-46FB-A6F4-CD2569A43F67}.Debug|Any CPU.ActiveCfg = Debug|Any CPU
		{1ADBF34E-FA90-46FB-A6F4-CD2569A43F67}.Debug|Any CPU.Build.0 = Debug|Any CPU
		{1ADBF34E-FA90-46FB-A6F4-CD2569A43F67}.Release|Any CPU.ActiveCfg = Release|Any CPU
		{1ADBF34E-FA90-46FB-A6F4-CD2569A43F67}.Release|Any CPU.Build.0 = Release|Any CPU
		{AFA4D3D1-A3EB-4046-88C1-1116F7A62AE3}.Debug|Any CPU.ActiveCfg = Debug|Any CPU
		{AFA4D3D1-A3EB-4046-88C1-1116F7A62AE3}.Debug|Any CPU.Build.0 = Debug|Any CPU
		{AFA4D3D1-A3EB-4046-88C1-1116F7A62AE3}.Release|Any CPU.ActiveCfg = Release|Any CPU
		{AFA4D3D1-A3EB-4046-88C1-1116F7A62AE3}.Release|Any CPU.Build.0 = Release|Any CPU
	EndGlobalSection
	GlobalSection(SolutionProperties) = preSolution
		HideSolutionNode = FALSE
	EndGlobalSection
	GlobalSection(ExtensibilityGlobals) = postSolution
		SolutionGuid = {37EF4553-6050-49D2-83CA-B78EC4CDD171}
	EndGlobalSection
EndGlobal
